{
  "name": "interactive-quiz-app",
  "version": "1.0.0",
  "lockfileVersion": 2,
  "requires": true,
  "packages": {
    "": {
      "name": "interactive-quiz-app",
      "version": "1.0.0",
      "dependencies": {
        "axios": "^0.21.1",
        "react": "^17.0.2",
        "react-dom": "^17.0.2",
        "react-scripts": "4.0.3"
      }
    },
    "node_modules/axios": {
      "version": "0.21.1",
      "resolved": "https://registry.npmjs.org/axios/-/axios-0.21.1.tgz",
      "integrity": "sha512-7E9on9w8pRE+tm9CBKDdHRjVxi4uAwcKM7OxuHMLdtPKVeqz1kBmtvkObJdzV1VwFf0QH5Rla6UlxMQ1zG3wvg=="
    },
    "node_modules/react": {
      "version": "17.0.2",
      "resolved": "https://registry.npmjs.org/react/-/react-17.0.2.tgz",
      "integrity": "sha512-syZo10zBoOEqd4Cbf8tNlV4clEtxNY9r33DmHYgWiR6LUS/Iey5PzRPa2vXk/Dt2+d/0+U8tMeV1KUnTF6IAsw=="
    },
    "node_modules/react-dom": {
      "version": "17.0.2",
      "resolved": "https://registry.npmjs.org/react-dom/-/react-dom-17.0.2.tgz",
      "integrity": "sha512-MpSV1Ap8H85R2Tz9aW0Wi4mEjFzTOXNUEuk8YDG5RH9COVH4KPAbAXNRg/4AArMywlyErJEdDkC/sUvDExqfvw==",
      "peerDependencies": {
        "react": "17.0.2"
      }
    },
    "node_modules/react-scripts": {
      "version": "4.0.3",
      "resolved": "https://registry.npmjs.org/react-scripts/-/react-scripts-4.0.3.tgz",
      "integrity": "sha512-ZkOMpvlH9NrFikdcRm8CrULivmyR/pKQF8yyHPD5AMXYQj5Md2lHiAKfKuKlNFYkz7bTt9Im5YCGFPfYHKUXzw=="
    }
  },
  "dependencies": {
    "axios": {
      "version": "0.21.1",
      "resolved": "https://registry.npmjs.org/axios/-/axios-0.21.1.tgz",
      "integrity": "sha512-7E9on9w8pRE+tm9CBKDdHRjVxi4uAwcKM7OxuHMLdtPKVeqz1kBmtvkObJdzV1VwFf0QH5Rla6UlxMQ1zG3wvg=="
    },
    "react": {
      "version": "17.0.2",
      "resolved": "https://registry.npmjs.org/react/-/react-17.0.2.tgz",
      "integrity": "sha512-syZo10zBoOEqd4Cbf8tNlV4clEtxNY9r33DmHYgWiR6LUS/Iey5PzRPa2vXk/Dt2+d/0+U8tMeV1KUnTF6IAsw=="
    },
    "react-dom": {
      "version": "17.0.2",
      "resolved": "https://registry.npmjs.org/react-dom/-/react-dom-17.0.2.tgz",
      "integrity": "sha512-MpSV1Ap8H85R2Tz9aW0Wi4mEjFzTOXNUEuk8YDG5RH9COVH4KPAbAXNRg/4AArMywlyErJEdDkC/sUvDExqfvw=="
    },
    "react-scripts": {
      "version": "4.0.3",
      "resolved": "https://registry.npmjs.org/react-scripts/-/react-scripts-4.0.3.tgz",
      "integrity": "sha512-ZkOMpvlH9NrFikdcRm8CrULivmyR/pKQF8yyHPD5AMXYQj5Md2lHiAKfKuKlNFYkz7bTt9Im5YCGFPfYHKUXzw=="
    }
  }
}
